// !$*UTF8*$!
{
	archiveVersion = 1;
	classes = {
	};
	objectVersion = 55;
	objects = {

/* Begin PBXBuildFile section */
		AD017A5D288ED0A400E1FD20 /* PlusJakartaSans-Medium.ttf in Resources */ = {isa = PBXBuildFile; fileRef = AD017A59288ED0A400E1FD20 /* PlusJakartaSans-Medium.ttf */; };
		AD017A5E288ED0A400E1FD20 /* PlusJakartaSans-SemiBold.ttf in Resources */ = {isa = PBXBuildFile; fileRef = AD017A5A288ED0A400E1FD20 /* PlusJakartaSans-SemiBold.ttf */; };
		AD017A5F288ED0A400E1FD20 /* PlusJakartaSans-Light.ttf in Resources */ = {isa = PBXBuildFile; fileRef = AD017A5B288ED0A400E1FD20 /* PlusJakartaSans-Light.ttf */; };
		AD017A60288ED0A400E1FD20 /* PlusJakartaSans-Regular.ttf in Resources */ = {isa = PBXBuildFile; fileRef = AD017A5C288ED0A400E1FD20 /* PlusJakartaSans-Regular.ttf */; };
		AD017A63288ED91600E1FD20 /* PlusJakartaSans-Heavy.ttf in Resources */ = {isa = PBXBuildFile; fileRef = AD017A62288ED91600E1FD20 /* PlusJakartaSans-Heavy.ttf */; };
		AD017A65288ED94F00E1FD20 /* CardStackView.swift in Sources */ = {isa = PBXBuildFile; fileRef = AD017A64288ED94F00E1FD20 /* CardStackView.swift */; };
		AD017A67288ED9F200E1FD20 /* FrontCardView.swift in Sources */ = {isa = PBXBuildFile; fileRef = AD017A66288ED9F200E1FD20 /* FrontCardView.swift */; };
		AD3767F02892541D009162C0 /* BackCardView.swift in Sources */ = {isa = PBXBuildFile; fileRef = AD3767EF2892541D009162C0 /* BackCardView.swift */; };
		AD5AE21A288E60EF00F8A394 /* PlusJakartaSans-Bold.ttf in Resources */ = {isa = PBXBuildFile; fileRef = AD5AE219288E60EF00F8A394 /* PlusJakartaSans-Bold.ttf */; };
		AD6B0E8D2891BA82006A148F /* RecapPage.swift in Sources */ = {isa = PBXBuildFile; fileRef = AD6B0E8C2891BA82006A148F /* RecapPage.swift */; };
		AD78C07A288A5D6E00E2FB27 /* flashlyApp.swift in Sources */ = {isa = PBXBuildFile; fileRef = AD78C079288A5D6E00E2FB27 /* flashlyApp.swift */; };
		AD78C07C288A5D6E00E2FB27 /* ContentView.swift in Sources */ = {isa = PBXBuildFile; fileRef = AD78C07B288A5D6E00E2FB27 /* ContentView.swift */; };
		AD78C07E288A5D6F00E2FB27 /* Assets.xcassets in Resources */ = {isa = PBXBuildFile; fileRef = AD78C07D288A5D6F00E2FB27 /* Assets.xcassets */; };
		AD78C081288A5D6F00E2FB27 /* Preview Assets.xcassets in Resources */ = {isa = PBXBuildFile; fileRef = AD78C080288A5D6F00E2FB27 /* Preview Assets.xcassets */; };
		AD78C083288A5D6F00E2FB27 /* Persistence.swift in Sources */ = {isa = PBXBuildFile; fileRef = AD78C082288A5D6F00E2FB27 /* Persistence.swift */; };
		AD78C086288A5D6F00E2FB27 /* flashly.xcdatamodeld in Sources */ = {isa = PBXBuildFile; fileRef = AD78C084288A5D6F00E2FB27 /* flashly.xcdatamodeld */; };
		AD8A3688288EEB7E00D77AA5 /* HomePage.swift in Sources */ = {isa = PBXBuildFile; fileRef = AD8A3687288EEB7E00D77AA5 /* HomePage.swift */; };
		AD8E89D92890320C00CA2C8A /* CommonComponents.swift in Sources */ = {isa = PBXBuildFile; fileRef = AD8E89D82890320C00CA2C8A /* CommonComponents.swift */; };
		ADAE1E5E2890E63A00F98B47 /* StartPage.swift in Sources */ = {isa = PBXBuildFile; fileRef = ADAE1E5D2890E63A00F98B47 /* StartPage.swift */; };
		ADAE1E642890FDC300F98B47 /* FinishPage.swift in Sources */ = {isa = PBXBuildFile; fileRef = ADAE1E632890FDC300F98B47 /* FinishPage.swift */; };
		ADAE1E6628914EAA00F98B47 /* SplashScreen.swift in Sources */ = {isa = PBXBuildFile; fileRef = ADAE1E6528914EAA00F98B47 /* SplashScreen.swift */; };
		ADE9D3B5288F8C05009A8407 /* reusableBG.swift in Sources */ = {isa = PBXBuildFile; fileRef = ADE9D3B4288F8C05009A8407 /* reusableBG.swift */; };
		ADE9D3B7288FA106009A8407 /* CreateCardPage.swift in Sources */ = {isa = PBXBuildFile; fileRef = ADE9D3B6288FA106009A8407 /* CreateCardPage.swift */; };
/* End PBXBuildFile section */

/* Begin PBXFileReference section */
		AD017A59288ED0A400E1FD20 /* PlusJakartaSans-Medium.ttf */ = {isa = PBXFileReference; lastKnownFileType = file; path = "PlusJakartaSans-Medium.ttf"; sourceTree = "<group>"; };
		AD017A5A288ED0A400E1FD20 /* PlusJakartaSans-SemiBold.ttf */ = {isa = PBXFileReference; lastKnownFileType = file; path = "PlusJakartaSans-SemiBold.ttf"; sourceTree = "<group>"; };
		AD017A5B288ED0A400E1FD20 /* PlusJakartaSans-Light.ttf */ = {isa = PBXFileReference; lastKnownFileType = file; path = "PlusJakartaSans-Light.ttf"; sourceTree = "<group>"; };
		AD017A5C288ED0A400E1FD20 /* PlusJakartaSans-Regular.ttf */ = {isa = PBXFileReference; lastKnownFileType = file; path = "PlusJakartaSans-Regular.ttf"; sourceTree = "<group>"; };
		AD017A62288ED91600E1FD20 /* PlusJakartaSans-Heavy.ttf */ = {isa = PBXFileReference; lastKnownFileType = file; name = "PlusJakartaSans-Heavy.ttf"; path = "flashly/Assets.xcassets/PlusJakartaSans-ExtraBold.dataset/PlusJakartaSans-Heavy.ttf"; sourceTree = SOURCE_ROOT; };
		AD017A64288ED94F00E1FD20 /* CardStackView.swift */ = {isa = PBXFileReference; lastKnownFileType = sourcecode.swift; path = CardStackView.swift; sourceTree = "<group>"; };
		AD017A66288ED9F200E1FD20 /* FrontCardView.swift */ = {isa = PBXFileReference; lastKnownFileType = sourcecode.swift; path = FrontCardView.swift; sourceTree = "<group>"; };
		AD3767EF2892541D009162C0 /* BackCardView.swift */ = {isa = PBXFileReference; lastKnownFileType = sourcecode.swift; path = BackCardView.swift; sourceTree = "<group>"; usesTabs = 0; };
		AD5AE219288E60EF00F8A394 /* PlusJakartaSans-Bold.ttf */ = {isa = PBXFileReference; lastKnownFileType = file; name = "PlusJakartaSans-Bold.ttf"; path = "flashly/Font/PlusJakartaSans-Bold.ttf"; sourceTree = SOURCE_ROOT; };
		AD5AE21B288E6CC300F8A394 /* Info.plist */ = {isa = PBXFileReference; lastKnownFileType = text.plist; path = Info.plist; sourceTree = "<group>"; };
		AD6B0E8C2891BA82006A148F /* RecapPage.swift */ = {isa = PBXFileReference; lastKnownFileType = sourcecode.swift; path = RecapPage.swift; sourceTree = "<group>"; };
		AD78C076288A5D6E00E2FB27 /* flashly.app */ = {isa = PBXFileReference; explicitFileType = wrapper.application; includeInIndex = 0; path = flashly.app; sourceTree = BUILT_PRODUCTS_DIR; };
		AD78C079288A5D6E00E2FB27 /* flashlyApp.swift */ = {isa = PBXFileReference; lastKnownFileType = sourcecode.swift; path = flashlyApp.swift; sourceTree = "<group>"; };
		AD78C07B288A5D6E00E2FB27 /* ContentView.swift */ = {isa = PBXFileReference; lastKnownFileType = sourcecode.swift; path = ContentView.swift; sourceTree = "<group>"; };
		AD78C07D288A5D6F00E2FB27 /* Assets.xcassets */ = {isa = PBXFileReference; lastKnownFileType = folder.assetcatalog; path = Assets.xcassets; sourceTree = "<group>"; };
		AD78C080288A5D6F00E2FB27 /* Preview Assets.xcassets */ = {isa = PBXFileReference; lastKnownFileType = folder.assetcatalog; path = "Preview Assets.xcassets"; sourceTree = "<group>"; };
		AD78C082288A5D6F00E2FB27 /* Persistence.swift */ = {isa = PBXFileReference; lastKnownFileType = sourcecode.swift; path = Persistence.swift; sourceTree = "<group>"; };
		AD78C085288A5D6F00E2FB27 /* flashly.xcdatamodel */ = {isa = PBXFileReference; lastKnownFileType = wrapper.xcdatamodel; path = flashly.xcdatamodel; sourceTree = "<group>"; };
		AD8A3687288EEB7E00D77AA5 /* HomePage.swift */ = {isa = PBXFileReference; lastKnownFileType = sourcecode.swift; path = HomePage.swift; sourceTree = "<group>"; };
		AD8E89D82890320C00CA2C8A /* CommonComponents.swift */ = {isa = PBXFileReference; lastKnownFileType = sourcecode.swift; path = CommonComponents.swift; sourceTree = "<group>"; };
		ADAE1E5D2890E63A00F98B47 /* StartPage.swift */ = {isa = PBXFileReference; lastKnownFileType = sourcecode.swift; path = StartPage.swift; sourceTree = "<group>"; };
		ADAE1E632890FDC300F98B47 /* FinishPage.swift */ = {isa = PBXFileReference; lastKnownFileType = sourcecode.swift; path = FinishPage.swift; sourceTree = "<group>"; };
		ADAE1E6528914EAA00F98B47 /* SplashScreen.swift */ = {isa = PBXFileReference; lastKnownFileType = sourcecode.swift; path = SplashScreen.swift; sourceTree = "<group>"; };
		ADE9D3B4288F8C05009A8407 /* reusableBG.swift */ = {isa = PBXFileReference; lastKnownFileType = sourcecode.swift; path = reusableBG.swift; sourceTree = "<group>"; };
		ADE9D3B6288FA106009A8407 /* CreateCardPage.swift */ = {isa = PBXFileReference; lastKnownFileType = sourcecode.swift; path = CreateCardPage.swift; sourceTree = "<group>"; };
/* End PBXFileReference section */

/* Begin PBXFrameworksBuildPhase section */
		AD78C073288A5D6E00E2FB27 /* Frameworks */ = {
			isa = PBXFrameworksBuildPhase;
			buildActionMask = 2147483647;
			files = (
			);
			runOnlyForDeploymentPostprocessing = 0;
		};
/* End PBXFrameworksBuildPhase section */

/* Begin PBXGroup section */
		AD017A61288ED0AD00E1FD20 /* Font */ = {
			isa = PBXGroup;
			children = (
				AD017A5B288ED0A400E1FD20 /* PlusJakartaSans-Light.ttf */,
				AD017A59288ED0A400E1FD20 /* PlusJakartaSans-Medium.ttf */,
				AD017A5C288ED0A400E1FD20 /* PlusJakartaSans-Regular.ttf */,
				AD017A5A288ED0A400E1FD20 /* PlusJakartaSans-SemiBold.ttf */,
				AD5AE219288E60EF00F8A394 /* PlusJakartaSans-Bold.ttf */,
				AD017A62288ED91600E1FD20 /* PlusJakartaSans-Heavy.ttf */,
			);
			path = Font;
			sourceTree = "<group>";
		};
		AD78C06D288A5D6E00E2FB27 = {
			isa = PBXGroup;
			children = (
				AD78C078288A5D6E00E2FB27 /* flashly */,
				AD78C077288A5D6E00E2FB27 /* Products */,
			);
			sourceTree = "<group>";
		};
		AD78C077288A5D6E00E2FB27 /* Products */ = {
			isa = PBXGroup;
			children = (
				AD78C076288A5D6E00E2FB27 /* flashly.app */,
			);
			name = Products;
			sourceTree = "<group>";
		};
		AD78C078288A5D6E00E2FB27 /* flashly */ = {
			isa = PBXGroup;
			children = (
				AD5AE21B288E6CC300F8A394 /* Info.plist */,
				AD78C079288A5D6E00E2FB27 /* flashlyApp.swift */,
				AD78C07B288A5D6E00E2FB27 /* ContentView.swift */,
				AD8E89D82890320C00CA2C8A /* CommonComponents.swift */,
				AD017A64288ED94F00E1FD20 /* CardStackView.swift */,
				AD017A66288ED9F200E1FD20 /* FrontCardView.swift */,
				AD3767EF2892541D009162C0 /* BackCardView.swift */,
				AD8A3687288EEB7E00D77AA5 /* HomePage.swift */,
				AD6B0E8C2891BA82006A148F /* RecapPage.swift */,
				ADE9D3B6288FA106009A8407 /* CreateCardPage.swift */,
				ADAE1E5D2890E63A00F98B47 /* StartPage.swift */,
				ADAE1E632890FDC300F98B47 /* FinishPage.swift */,
				ADAE1E6528914EAA00F98B47 /* SplashScreen.swift */,
				ADE9D3B4288F8C05009A8407 /* reusableBG.swift */,
				AD78C07D288A5D6F00E2FB27 /* Assets.xcassets */,
				AD78C082288A5D6F00E2FB27 /* Persistence.swift */,
				AD78C084288A5D6F00E2FB27 /* flashly.xcdatamodeld */,
				AD017A61288ED0AD00E1FD20 /* Font */,
				AD78C07F288A5D6F00E2FB27 /* Preview Content */,
			);
			path = flashly;
			sourceTree = "<group>";
		};
		AD78C07F288A5D6F00E2FB27 /* Preview Content */ = {
			isa = PBXGroup;
			children = (
				AD78C080288A5D6F00E2FB27 /* Preview Assets.xcassets */,
			);
			path = "Preview Content";
			sourceTree = "<group>";
		};
/* End PBXGroup section */

/* Begin PBXNativeTarget section */
		AD78C075288A5D6E00E2FB27 /* flashly */ = {
			isa = PBXNativeTarget;
			buildConfigurationList = AD78C089288A5D6F00E2FB27 /* Build configuration list for PBXNativeTarget "flashly" */;
			buildPhases = (
				AD78C072288A5D6E00E2FB27 /* Sources */,
				AD78C073288A5D6E00E2FB27 /* Frameworks */,
				AD78C074288A5D6E00E2FB27 /* Resources */,
			);
			buildRules = (
			);
			dependencies = (
			);
			name = flashly;
			productName = flashly;
			productReference = AD78C076288A5D6E00E2FB27 /* flashly.app */;
			productType = "com.apple.product-type.application";
		};
/* End PBXNativeTarget section */

/* Begin PBXProject section */
		AD78C06E288A5D6E00E2FB27 /* Project object */ = {
			isa = PBXProject;
			attributes = {
				BuildIndependentTargetsInParallel = 1;
				LastSwiftUpdateCheck = 1340;
				LastUpgradeCheck = 1340;
				TargetAttributes = {
					AD78C075288A5D6E00E2FB27 = {
						CreatedOnToolsVersion = 13.4.1;
					};
				};
			};
			buildConfigurationList = AD78C071288A5D6E00E2FB27 /* Build configuration list for PBXProject "flashly" */;
			compatibilityVersion = "Xcode 13.0";
			developmentRegion = en;
			hasScannedForEncodings = 0;
			knownRegions = (
				en,
				Base,
			);
			mainGroup = AD78C06D288A5D6E00E2FB27;
			productRefGroup = AD78C077288A5D6E00E2FB27 /* Products */;
			projectDirPath = "";
			projectRoot = "";
			targets = (
				AD78C075288A5D6E00E2FB27 /* flashly */,
			);
		};
/* End PBXProject section */

/* Begin PBXResourcesBuildPhase section */
		AD78C074288A5D6E00E2FB27 /* Resources */ = {
			isa = PBXResourcesBuildPhase;
			buildActionMask = 2147483647;
			files = (
				AD5AE21A288E60EF00F8A394 /* PlusJakartaSans-Bold.ttf in Resources */,
				AD017A60288ED0A400E1FD20 /* PlusJakartaSans-Regular.ttf in Resources */,
				AD017A63288ED91600E1FD20 /* PlusJakartaSans-Heavy.ttf in Resources */,
				AD017A5F288ED0A400E1FD20 /* PlusJakartaSans-Light.ttf in Resources */,
				AD78C081288A5D6F00E2FB27 /* Preview Assets.xcassets in Resources */,
				AD017A5E288ED0A400E1FD20 /* PlusJakartaSans-SemiBold.ttf in Resources */,
				AD78C07E288A5D6F00E2FB27 /* Assets.xcassets in Resources */,
				AD017A5D288ED0A400E1FD20 /* PlusJakartaSans-Medium.ttf in Resources */,
			);
			runOnlyForDeploymentPostprocessing = 0;
		};
/* End PBXResourcesBuildPhase section */

/* Begin PBXSourcesBuildPhase section */
		AD78C072288A5D6E00E2FB27 /* Sources */ = {
			isa = PBXSourcesBuildPhase;
			buildActionMask = 2147483647;
			files = (
				AD78C083288A5D6F00E2FB27 /* Persistence.swift in Sources */,
				ADAE1E642890FDC300F98B47 /* FinishPage.swift in Sources */,
				AD78C07C288A5D6E00E2FB27 /* ContentView.swift in Sources */,
				AD8E89D92890320C00CA2C8A /* CommonComponents.swift in Sources */,
				ADE9D3B7288FA106009A8407 /* CreateCardPage.swift in Sources */,
				AD78C07A288A5D6E00E2FB27 /* flashlyApp.swift in Sources */,
				AD6B0E8D2891BA82006A148F /* RecapPage.swift in Sources */,
				AD017A65288ED94F00E1FD20 /* CardStackView.swift in Sources */,
				ADAE1E6628914EAA00F98B47 /* SplashScreen.swift in Sources */,
				AD017A67288ED9F200E1FD20 /* FrontCardView.swift in Sources */,
				AD78C086288A5D6F00E2FB27 /* flashly.xcdatamodeld in Sources */,
				AD8A3688288EEB7E00D77AA5 /* HomePage.swift in Sources */,
				ADAE1E5E2890E63A00F98B47 /* StartPage.swift in Sources */,
				AD3767F02892541D009162C0 /* BackCardView.swift in Sources */,
				ADE9D3B5288F8C05009A8407 /* reusableBG.swift in Sources */,
			);
			runOnlyForDeploymentPostprocessing = 0;
		};
/* End PBXSourcesBuildPhase section */

/* Begin XCBuildConfiguration section */
		AD78C087288A5D6F00E2FB27 /* Debug */ = {
			isa = XCBuildConfiguration;
			buildSettings = {
				ALWAYS_SEARCH_USER_PATHS = NO;
				CLANG_ANALYZER_NONNULL = YES;
				CLANG_ANALYZER_NUMBER_OBJECT_CONVERSION = YES_AGGRESSIVE;
				CLANG_CXX_LANGUAGE_STANDARD = "gnu++17";
				CLANG_ENABLE_MODULES = YES;
				CLANG_ENABLE_OBJC_ARC = YES;
				CLANG_ENABLE_OBJC_WEAK = YES;
				CLANG_WARN_BLOCK_CAPTURE_AUTORELEASING = YES;
				CLANG_WARN_BOOL_CONVERSION = YES;
				CLANG_WARN_COMMA = YES;
				CLANG_WARN_CONSTANT_CONVERSION = YES;
				CLANG_WARN_DEPRECATED_OBJC_IMPLEMENTATIONS = YES;
				CLANG_WARN_DIRECT_OBJC_ISA_USAGE = YES_ERROR;
				CLANG_WARN_DOCUMENTATION_COMMENTS = YES;
				CLANG_WARN_EMPTY_BODY = YES;
				CLANG_WARN_ENUM_CONVERSION = YES;
				CLANG_WARN_INFINITE_RECURSION = YES;
				CLANG_WARN_INT_CONVERSION = YES;
				CLANG_WARN_NON_LITERAL_NULL_CONVERSION = YES;
				CLANG_WARN_OBJC_IMPLICIT_RETAIN_SELF = YES;
				CLANG_WARN_OBJC_LITERAL_CONVERSION = YES;
				CLANG_WARN_OBJC_ROOT_CLASS = YES_ERROR;
				CLANG_WARN_QUOTED_INCLUDE_IN_FRAMEWORK_HEADER = YES;
				CLANG_WARN_RANGE_LOOP_ANALYSIS = YES;
				CLANG_WARN_STRICT_PROTOTYPES = YES;
				CLANG_WARN_SUSPICIOUS_MOVE = YES;
				CLANG_WARN_UNGUARDED_AVAILABILITY = YES_AGGRESSIVE;
				CLANG_WARN_UNREACHABLE_CODE = YES;
				CLANG_WARN__DUPLICATE_METHOD_MATCH = YES;
				COPY_PHASE_STRIP = NO;
				DEBUG_INFORMATION_FORMAT = dwarf;
				ENABLE_STRICT_OBJC_MSGSEND = YES;
				ENABLE_TESTABILITY = YES;
				GCC_C_LANGUAGE_STANDARD = gnu11;
				GCC_DYNAMIC_NO_PIC = NO;
				GCC_NO_COMMON_BLOCKS = YES;
				GCC_OPTIMIZATION_LEVEL = 0;
				GCC_PREPROCESSOR_DEFINITIONS = (
					"DEBUG=1",
					"$(inherited)",
				);
				GCC_WARN_64_TO_32_BIT_CONVERSION = YES;
				GCC_WARN_ABOUT_RETURN_TYPE = YES_ERROR;
				GCC_WARN_UNDECLARED_SELECTOR = YES;
				GCC_WARN_UNINITIALIZED_AUTOS = YES_AGGRESSIVE;
				GCC_WARN_UNUSED_FUNCTION = YES;
				GCC_WARN_UNUSED_VARIABLE = YES;
				IPHONEOS_DEPLOYMENT_TARGET = 15.5;
				MTL_ENABLE_DEBUG_INFO = INCLUDE_SOURCE;
				MTL_FAST_MATH = YES;
				ONLY_ACTIVE_ARCH = YES;
				SDKROOT = iphoneos;
				SWIFT_ACTIVE_COMPILATION_CONDITIONS = DEBUG;
				SWIFT_OPTIMIZATION_LEVEL = "-Onone";
			};
			name = Debug;
		};
		AD78C088288A5D6F00E2FB27 /* Release */ = {
			isa = XCBuildConfiguration;
			buildSettings = {
				ALWAYS_SEARCH_USER_PATHS = NO;
				CLANG_ANALYZER_NONNULL = YES;
				CLANG_ANALYZER_NUMBER_OBJECT_CONVERSION = YES_AGGRESSIVE;
				CLANG_CXX_LANGUAGE_STANDARD = "gnu++17";
				CLANG_ENABLE_MODULES = YES;
				CLANG_ENABLE_OBJC_ARC = YES;
				CLANG_ENABLE_OBJC_WEAK = YES;
				CLANG_WARN_BLOCK_CAPTURE_AUTORELEASING = YES;
				CLANG_WARN_BOOL_CONVERSION = YES;
				CLANG_WARN_COMMA = YES;
				CLANG_WARN_CONSTANT_CONVERSION = YES;
				CLANG_WARN_DEPRECATED_OBJC_IMPLEMENTATIONS = YES;
				CLANG_WARN_DIRECT_OBJC_ISA_USAGE = YES_ERROR;
				CLANG_WARN_DOCUMENTATION_COMMENTS = YES;
				CLANG_WARN_EMPTY_BODY = YES;
				CLANG_WARN_ENUM_CONVERSION = YES;
				CLANG_WARN_INFINITE_RECURSION = YES;
				CLANG_WARN_INT_CONVERSION = YES;
				CLANG_WARN_NON_LITERAL_NULL_CONVERSION = YES;
				CLANG_WARN_OBJC_IMPLICIT_RETAIN_SELF = YES;
				CLANG_WARN_OBJC_LITERAL_CONVERSION = YES;
				CLANG_WARN_OBJC_ROOT_CLASS = YES_ERROR;
				CLANG_WARN_QUOTED_INCLUDE_IN_FRAMEWORK_HEADER = YES;
				CLANG_WARN_RANGE_LOOP_ANALYSIS = YES;
				CLANG_WARN_STRICT_PROTOTYPES = YES;
				CLANG_WARN_SUSPICIOUS_MOVE = YES;
				CLANG_WARN_UNGUARDED_AVAILABILITY = YES_AGGRESSIVE;
				CLANG_WARN_UNREACHABLE_CODE = YES;
				CLANG_WARN__DUPLICATE_METHOD_MATCH = YES;
				COPY_PHASE_STRIP = NO;
				DEBUG_INFORMATION_FORMAT = "dwarf-with-dsym";
				ENABLE_NS_ASSERTIONS = NO;
				ENABLE_STRICT_OBJC_MSGSEND = YES;
				GCC_C_LANGUAGE_STANDARD = gnu11;
				GCC_NO_COMMON_BLOCKS = YES;
				GCC_WARN_64_TO_32_BIT_CONVERSION = YES;
				GCC_WARN_ABOUT_RETURN_TYPE = YES_ERROR;
				GCC_WARN_UNDECLARED_SELECTOR = YES;
				GCC_WARN_UNINITIALIZED_AUTOS = YES_AGGRESSIVE;
				GCC_WARN_UNUSED_FUNCTION = YES;
				GCC_WARN_UNUSED_VARIABLE = YES;
				IPHONEOS_DEPLOYMENT_TARGET = 15.5;
				MTL_ENABLE_DEBUG_INFO = NO;
				MTL_FAST_MATH = YES;
				SDKROOT = iphoneos;
				SWIFT_COMPILATION_MODE = wholemodule;
				SWIFT_OPTIMIZATION_LEVEL = "-O";
				VALIDATE_PRODUCT = YES;
			};
			name = Release;
		};
		AD78C08A288A5D6F00E2FB27 /* Debug */ = {
			isa = XCBuildConfiguration;
			buildSettings = {
				ASSETCATALOG_COMPILER_APPICON_NAME = AppIcon;
				ASSETCATALOG_COMPILER_GLOBAL_ACCENT_COLOR_NAME = AccentColor;
				CODE_SIGN_STYLE = Automatic;
				CURRENT_PROJECT_VERSION = 1;
				DEVELOPMENT_ASSET_PATHS = "\"flashly/Preview Content\"";
				DEVELOPMENT_TEAM = T6TVT77XWR;
				ENABLE_PREVIEWS = YES;
				GENERATE_INFOPLIST_FILE = YES;
				INFOPLIST_FILE = flashly/Info.plist;
				INFOPLIST_KEY_CFBundleDisplayName = "";
				INFOPLIST_KEY_LSApplicationCategoryType = "";
				INFOPLIST_KEY_UIApplicationSceneManifest_Generation = YES;
				INFOPLIST_KEY_UIApplicationSupportsIndirectInputEvents = YES;
				INFOPLIST_KEY_UILaunchScreen_Generation = YES;
				INFOPLIST_KEY_UIRequiresFullScreen = NO;
				INFOPLIST_KEY_UISupportedInterfaceOrientations_iPad = UIInterfaceOrientationPortrait;
				INFOPLIST_KEY_UISupportedInterfaceOrientations_iPhone = "UIInterfaceOrientationPortrait UIInterfaceOrientationLandscapeLeft UIInterfaceOrientationLandscapeRight";
				LD_RUNPATH_SEARCH_PATHS = (
					"$(inherited)",
					"@executable_path/Frameworks",
				);
				MARKETING_VERSION = 1.0;
				PRODUCT_BUNDLE_IDENTIFIER = com.MirtaKhairunnisa.flashly;
				PRODUCT_NAME = "$(TARGET_NAME)";
				SWIFT_EMIT_LOC_STRINGS = YES;
				SWIFT_VERSION = 5.0;
				TARGETED_DEVICE_FAMILY = 2;
			};
			name = Debug;
		};
		AD78C08B288A5D6F00E2FB27 /* Release */ = {
			isa = XCBuildConfiguration;
			buildSettings = {
				ASSETCATALOG_COMPILER_APPICON_NAME = AppIcon;
				ASSETCATALOG_COMPILER_GLOBAL_ACCENT_COLOR_NAME = AccentColor;
				CODE_SIGN_STYLE = Automatic;
				CURRENT_PROJECT_VERSION = 1;
				DEVELOPMENT_ASSET_PATHS = "\"flashly/Preview Content\"";
				DEVELOPMENT_TEAM = T6TVT77XWR;
				ENABLE_PREVIEWS = YES;
				GENERATE_INFOPLIST_FILE = YES;
				INFOPLIST_FILE = flashly/Info.plist;
				INFOPLIST_KEY_CFBundleDisplayName = "";
				INFOPLIST_KEY_LSApplicationCategoryType = "";
				INFOPLIST_KEY_UIApplicationSceneManifest_Generation = YES;
				INFOPLIST_KEY_UIApplicationSupportsIndirectInputEvents = YES;
				INFOPLIST_KEY_UILaunchScreen_Generation = YES;
				INFOPLIST_KEY_UIRequiresFullScreen = NO;
				INFOPLIST_KEY_UISupportedInterfaceOrientations_iPad = UIInterfaceOrientationPortrait;
				INFOPLIST_KEY_UISupportedInterfaceOrientations_iPhone = "UIInterfaceOrientationPortrait UIInterfaceOrientationLandscapeLeft UIInterfaceOrientationLandscapeRight";
				LD_RUNPATH_SEARCH_PATHS = (
					"$(inherited)",
					"@executable_path/Frameworks",
				);
				MARKETING_VERSION = 1.0;
				PRODUCT_BUNDLE_IDENTIFIER = com.MirtaKhairunnisa.flashly;
				PRODUCT_NAME = "$(TARGET_NAME)";
				SWIFT_EMIT_LOC_STRINGS = YES;
				SWIFT_VERSION = 5.0;
				TARGETED_DEVICE_FAMILY = 2;
			};
			name = Release;
		};
/* End XCBuildConfiguration section */

/* Begin XCConfigurationList section */
		AD78C071288A5D6E00E2FB27 /* Build configuration list for PBXProject "flashly" */ = {
			isa = XCConfigurationList;
			buildConfigurations = (
				AD78C087288A5D6F00E2FB27 /* Debug */,
				AD78C088288A5D6F00E2FB27 /* Release */,
			);
			defaultConfigurationIsVisible = 0;
			defaultConfigurationName = Release;
		};
		AD78C089288A5D6F00E2FB27 /* Build configuration list for PBXNativeTarget "flashly" */ = {
			isa = XCConfigurationList;
			buildConfigurations = (
				AD78C08A288A5D6F00E2FB27 /* Debug */,
				AD78C08B288A5D6F00E2FB27 /* Release */,
			);
			defaultConfigurationIsVisible = 0;
			defaultConfigurationName = Release;
		};
/* End XCConfigurationList section */

/* Begin XCVersionGroup section */
		AD78C084288A5D6F00E2FB27 /* flashly.xcdatamodeld */ = {
			isa = XCVersionGroup;
			children = (
				AD78C085288A5D6F00E2FB27 /* flashly.xcdatamodel */,
			);
			currentVersion = AD78C085288A5D6F00E2FB27 /* flashly.xcdatamodel */;
			path = flashly.xcdatamodeld;
			sourceTree = "<group>";
			versionGroupType = wrapper.xcdatamodel;
		};
/* End XCVersionGroup section */
	};
	rootObject = AD78C06E288A5D6E00E2FB27 /* Project object */;
}
